
Microsoft Visual Studio Solution File, Format Version 12.00
# Visual Studio Version 16
VisualStudioVersion = 16.0.30517.126
MinimumVisualStudioVersion = 10.0.40219.1
Project("{FAE04EC0-301F-11D3-BF4B-00C04F79EFBC}") = "OData-Basic", "OData-Basic\OData-Basic.csproj", "{F3371CDB-FF9E-4C68-8B6F-4D8399F20EE5}"
EndProject
Global
	GlobalSection(SolutionConfigurationPlatforms) = preSolution
		Debug|Any CPU = Debug|Any CPU
		Release|Any CPU = Release|Any CPU
	EndGlobalSection
	GlobalSection(ProjectConfigurationPlatforms) = postSolution
		{F3371CDB-FF9E-4C68-8B6F-4D8399F20EE5}.Debug|Any CPU.ActiveCfg = Debug|Any CPU
		{F3371CDB-FF9E-4C68-8B6F-4D8399F20EE5}.Debug|Any CPU.Build.0 = Debug|Any CPU
		{F3371CDB-FF9E-4C68-8B6F-4D8399F20EE5}.Release|Any CPU.ActiveCfg = Release|Any CPU
		{F3371CDB-FF9E-4C68-8B6F-4D8399F20EE5}.Release|Any CPU.Build.0 = Release|Any CPU
	EndGlobalSection
	GlobalSection(SolutionProperties) = preSolution
		HideSolutionNode = FALSE
	EndGlobalSection
	GlobalSection(ExtensibilityGlobals) = postSolution
		SolutionGuid = {139EB4B3-4A0B-4A18-A894-0C731B6E29D3}
	EndGlobalSection
EndGlobal
